<Solution>
  <Folder Name="/Frontend/">
    <Project Path="Mango.Web/Mango.Web.csproj" Id="e3b6144c-f0b2-4b11-95a1-6007d3eba3f9" />
  </Folder>
  <Folder Name="/Gateway/" />
  <Folder Name="/Integration/" />
  <Folder Name="/Services/">
    <Project Path="Mango.Services.CouponAPI/Mango.Services.CouponAPI.csproj" Id="6be1160a-0545-4e9e-b071-363d2fcc6956" />
  </Folder>
</Solution>
